
Microsoft Visual Studio Solution File, Format Version 12.00
# Visual Studio Version 16
VisualStudioVersion = 16.0.30320.27
MinimumVisualStudioVersion = 10.0.40219.1
Project("{9A19103F-16F7-4668-BE54-9A1E7A4F7556}") = "Tests.SDET", "Tests.SDET\Tests.SDET.csproj", "{F899413D-1978-4B92-A629-1BBACBE9486A}"
EndProject
Project("{9A19103F-16F7-4668-BE54-9A1E7A4F7556}") = "Tests.SDET.Tests", "Tests.SDET.Tests\Tests.SDET.Tests.csproj", "{D46E572D-AE02-418C-9DBF-AF90F2A7980E}"
EndProject
Project("{9A19103F-16F7-4668-BE54-9A1E7A4F7556}") = "Tests.SDET.Specs", "Tests.SDET.Specs\Tests.SDET.Specs.csproj", "{EF31DD41-212C-46B2-B10A-236A02A407AE}"
EndProject
Project("{2150E333-8FDC-42A3-9474-1A3956D46DE8}") = "Solution Files", "Solution Files", "{C1CE51CB-7E88-4E51-AD0E-34CFD1B603A2}"
	ProjectSection(SolutionItems) = preProject
		README.md = README.md
	EndProjectSection
EndProject
Global
	GlobalSection(SolutionConfigurationPlatforms) = preSolution
		Debug|Any CPU = Debug|Any CPU
		Release|Any CPU = Release|Any CPU
	EndGlobalSection
	GlobalSection(ProjectConfigurationPlatforms) = postSolution
		{F899413D-1978-4B92-A629-1BBACBE9486A}.Debug|Any CPU.ActiveCfg = Debug|Any CPU
		{F899413D-1978-4B92-A629-1BBACBE9486A}.Debug|Any CPU.Build.0 = Debug|Any CPU
		{F899413D-1978-4B92-A629-1BBACBE9486A}.Release|Any CPU.ActiveCfg = Release|Any CPU
		{F899413D-1978-4B92-A629-1BBACBE9486A}.Release|Any CPU.Build.0 = Release|Any CPU
		{D46E572D-AE02-418C-9DBF-AF90F2A7980E}.Debug|Any CPU.ActiveCfg = Debug|Any CPU
		{D46E572D-AE02-418C-9DBF-AF90F2A7980E}.Debug|Any CPU.Build.0 = Debug|Any CPU
		{D46E572D-AE02-418C-9DBF-AF90F2A7980E}.Release|Any CPU.ActiveCfg = Release|Any CPU
		{D46E572D-AE02-418C-9DBF-AF90F2A7980E}.Release|Any CPU.Build.0 = Release|Any CPU
		{EF31DD41-212C-46B2-B10A-236A02A407AE}.Debug|Any CPU.ActiveCfg = Debug|Any CPU
		{EF31DD41-212C-46B2-B10A-236A02A407AE}.Debug|Any CPU.Build.0 = Debug|Any CPU
		{EF31DD41-212C-46B2-B10A-236A02A407AE}.Release|Any CPU.ActiveCfg = Release|Any CPU
		{EF31DD41-212C-46B2-B10A-236A02A407AE}.Release|Any CPU.Build.0 = Release|Any CPU
	EndGlobalSection
	GlobalSection(SolutionProperties) = preSolution
		HideSolutionNode = FALSE
	EndGlobalSection
	GlobalSection(ExtensibilityGlobals) = postSolution
		SolutionGuid = {A2812AA4-DFC0-4D64-9824-8837D65D6998}
	EndGlobalSection
EndGlobal
